
Microsoft Visual Studio Solution File, Format Version 12.00
# Visual Studio 15
VisualStudioVersion = 15.0.28307.421
MinimumVisualStudioVersion = 10.0.40219.1
Project("{FAE04EC0-301F-11D3-BF4B-00C04F79EFBC}") = "SMT-1", "SMT-1\SMT-1.csproj", "{BA3F9D47-B6CC-4C42-866E-7054CE1DF7E4}"
EndProject
Global
	GlobalSection(SolutionConfigurationPlatforms) = preSolution
		Debug|Any CPU = Debug|Any CPU
		Release|Any CPU = Release|Any CPU
	EndGlobalSection
	GlobalSection(ProjectConfigurationPlatforms) = postSolution
		{BA3F9D47-B6CC-4C42-866E-7054CE1DF7E4}.Debug|Any CPU.ActiveCfg = Debug|Any CPU
		{BA3F9D47-B6CC-4C42-866E-7054CE1DF7E4}.Debug|Any CPU.Build.0 = Debug|Any CPU
		{BA3F9D47-B6CC-4C42-866E-7054CE1DF7E4}.Release|Any CPU.ActiveCfg = Release|Any CPU
		{BA3F9D47-B6CC-4C42-866E-7054CE1DF7E4}.Release|Any CPU.Build.0 = Release|Any CPU
	EndGlobalSection
	GlobalSection(SolutionProperties) = preSolution
		HideSolutionNode = FALSE
	EndGlobalSection
	GlobalSection(ExtensibilityGlobals) = postSolution
		SolutionGuid = {08A797A6-E038-44B5-ACD4-52B24EFA02A6}
	EndGlobalSection
EndGlobal
